<?xml version="1.0" encoding="utf-8"?>
<Project ToolsVersion="4.0" xmlns="http://schemas.microsoft.com/developer/msbuild/2003">
  <ItemGroup>
    <Filter Include="Source Files">
      <UniqueIdentifier>{4FC737F1-C7A5-4376-A066-2A32D752A2FF}</UniqueIdentifier>
      <Extensions>cpp;c;cc;cxx;c++;def;odl;idl;hpj;bat;asm;asmx</Extensions>
    </Filter>
    <Filter Include="Header Files">
      <UniqueIdentifier>{93995380-89BD-4b04-88EB-625FBE52EBFB}</UniqueIdentifier>
      <Extensions>h;hh;hpp;hxx;h++;hm;inl;inc;ipp;xsd</Extensions>
    </Filter>
    <Filter Include="Resource Files">
      <UniqueIdentifier>{67DA6AB6-F800-4c08-8B7A-83BB121AAD01}</UniqueIdentifier>
      <Extensions>rc;ico;cur;bmp;dlg;rc2;rct;bin;rgs;gif;jpg;jpeg;jpe;resx;tiff;tif;png;wav;mfcribbon-ms</Extensions>
    </Filter>
  </ItemGroup>
  <ItemGroup>
    <ClInclude Include="include\arithmetic\col_functor.h">
      <Filter>Header Files</Filter>
    </ClInclude>
    <ClInclude Include="include\arithmetic\combination_model.h">
      <Filter>Header Files</Filter>
    </ClInclude>
    <ClInclude Include="include\arithmetic\two_hands_side_col_functor.h">
      <Filter>Header Files</Filter>
    </ClInclude>
    <ClInclude Include="include\stats\coefficient.h">
      <Filter>Header Files</Filter>
    </ClInclude>
    <ClInclude Include="include\stats\coefficient_base.h">
      <Filter>Header Files</Filter>
    </ClInclude>
    <ClInclude Include="include\stats\coefficient_weight.h">
      <Filter>Header Files</Filter>
    </ClInclude>
    <ClInclude Include="include\stats\correlation.h">
      <Filter>Header Files</Filter>
    </ClInclude>
    <ClInclude Include="include\stats\correlation_base.h">
      <Filter>Header Files</Filter>
    </ClInclude>
    <ClInclude Include="include\stats\correlation_weight.h">
      <Filter>Header Files</Filter>
    </ClInclude>
    <ClInclude Include="include\stats\fitted_value.h">
      <Filter>Header Files</Filter>
    </ClInclude>
    <ClInclude Include="include\stats\fitted_value_base.h">
      <Filter>Header Files</Filter>
    </ClInclude>
    <ClInclude Include="include\stats\fitted_value_weight.h">
      <Filter>Header Files</Filter>
    </ClInclude>
    <ClInclude Include="include\stats\kruskal.h">
      <Filter>Header Files</Filter>
    </ClInclude>
    <ClInclude Include="include\stats\kruskal_base.h">
      <Filter>Header Files</Filter>
    </ClInclude>
    <ClInclude Include="include\stats\kruskal_weight.h">
      <Filter>Header Files</Filter>
    </ClInclude>
    <ClInclude Include="include\stats\linear_regression_function.h">
      <Filter>Header Files</Filter>
    </ClInclude>
    <ClInclude Include="include\stats\partial_correlation.h">
      <Filter>Header Files</Filter>
    </ClInclude>
    <ClInclude Include="include\stats\partial_correlation_base.h">
      <Filter>Header Files</Filter>
    </ClInclude>
    <ClInclude Include="include\stats\partial_correlation_weight.h">
      <Filter>Header Files</Filter>
    </ClInclude>
    <ClInclude Include="include\stats\residual.h">
      <Filter>Header Files</Filter>
    </ClInclude>
    <ClInclude Include="include\stats\residual_base.h">
      <Filter>Header Files</Filter>
    </ClInclude>
    <ClInclude Include="include\stats\residual_weight.h">
      <Filter>Header Files</Filter>
    </ClInclude>
    <ClInclude Include="include\stats\solve_holder_base.h">
      <Filter>Header Files</Filter>
    </ClInclude>
    <ClInclude Include="include\stats\weight_function.h">
      <Filter>Header Files</Filter>
    </ClInclude>
    <ClInclude Include="include\threads\safe_queue.h">
      <Filter>Header Files</Filter>
    </ClInclude>
    <ClInclude Include="include\threads\thread_pool.h">
      <Filter>Header Files</Filter>
    </ClInclude>
    <ClInclude Include="include\utils\crtp_base.h">
      <Filter>Header Files</Filter>
    </ClInclude>
    <ClInclude Include="include\utils\utils.h">
      <Filter>Header Files</Filter>
    </ClInclude>
    <ClInclude Include="include\config.h">
      <Filter>Header Files</Filter>
    </ClInclude>
    <ClInclude Include="include\kanalysis.h">
      <Filter>Header Files</Filter>
    </ClInclude>
    <ClInclude Include="tests\tests.h">
      <Filter>Header Files</Filter>
    </ClInclude>
    <ClInclude Include="include\utils\progress.h">
      <Filter>Header Files</Filter>
    </ClInclude>
    <ClInclude Include="include\arithmetic\base_functions.h">
      <Filter>Header Files</Filter>
    </ClInclude>
    <ClInclude Include="include\stats\decomposition.h">
      <Filter>Header Files</Filter>
    </ClInclude>
    <ClInclude Include="include\stats\decomposition_base.h">
      <Filter>Header Files</Filter>
    </ClInclude>
    <ClInclude Include="include\stats\decomposition_weight.h">
      <Filter>Header Files</Filter>
    </ClInclude>
    <ClInclude Include="examples\titanic.h">
      <Filter>Header Files</Filter>
    </ClInclude>
  </ItemGroup>
  <ItemGroup>
    <ClCompile Include="src\arithmetic\col_functor.cpp">
      <Filter>Source Files</Filter>
    </ClCompile>
    <ClCompile Include="src\arithmetic\combination_model.cpp">
      <Filter>Source Files</Filter>
    </ClCompile>
    <ClCompile Include="src\arithmetic\two_hands_side_col_functor.cpp">
      <Filter>Source Files</Filter>
    </ClCompile>
    <ClCompile Include="src\stats\coefficient.cpp">
      <Filter>Source Files</Filter>
    </ClCompile>
    <ClCompile Include="src\stats\coefficient_base.cpp">
      <Filter>Source Files</Filter>
    </ClCompile>
    <ClCompile Include="src\stats\coefficient_weight.cpp">
      <Filter>Source Files</Filter>
    </ClCompile>
    <ClCompile Include="src\stats\correlation.cpp">
      <Filter>Source Files</Filter>
    </ClCompile>
    <ClCompile Include="src\stats\correlation_base.cpp">
      <Filter>Source Files</Filter>
    </ClCompile>
    <ClCompile Include="src\stats\correlation_weight.cpp">
      <Filter>Source Files</Filter>
    </ClCompile>
    <ClCompile Include="src\stats\fitted_value.cpp">
      <Filter>Source Files</Filter>
    </ClCompile>
    <ClCompile Include="src\stats\fitted_value_base.cpp">
      <Filter>Source Files</Filter>
    </ClCompile>
    <ClCompile Include="src\stats\fitted_value_weight.cpp">
      <Filter>Source Files</Filter>
    </ClCompile>
    <ClCompile Include="src\stats\kruskal.cpp">
      <Filter>Source Files</Filter>
    </ClCompile>
    <ClCompile Include="src\stats\kruskal_base.cpp">
      <Filter>Source Files</Filter>
    </ClCompile>
    <ClCompile Include="src\stats\kruskal_weight.cpp">
      <Filter>Source Files</Filter>
    </ClCompile>
    <ClCompile Include="src\stats\linear_regression_function.cpp">
      <Filter>Source Files</Filter>
    </ClCompile>
    <ClCompile Include="src\stats\partial_correlation.cpp">
      <Filter>Source Files</Filter>
    </ClCompile>
    <ClCompile Include="src\stats\partial_correlation_base.cpp">
      <Filter>Source Files</Filter>
    </ClCompile>
    <ClCompile Include="src\stats\partial_correlation_weight.cpp">
      <Filter>Source Files</Filter>
    </ClCompile>
    <ClCompile Include="src\stats\residual.cpp">
      <Filter>Source Files</Filter>
    </ClCompile>
    <ClCompile Include="src\stats\residual_base.cpp">
      <Filter>Source Files</Filter>
    </ClCompile>
    <ClCompile Include="src\stats\residual_weight.cpp">
      <Filter>Source Files</Filter>
    </ClCompile>
    <ClCompile Include="src\stats\solve_holder_base.cpp">
      <Filter>Source Files</Filter>
    </ClCompile>
    <ClCompile Include="src\stats\weight_function.cpp">
      <Filter>Source Files</Filter>
    </ClCompile>
    <ClCompile Include="src\threads\safe_queue.cpp">
      <Filter>Source Files</Filter>
    </ClCompile>
    <ClCompile Include="src\threads\thread_pool.cpp">
      <Filter>Source Files</Filter>
    </ClCompile>
    <ClCompile Include="src\utils\crtp_base.cpp">
      <Filter>Source Files</Filter>
    </ClCompile>
    <ClCompile Include="src\utils\utils.cpp">
      <Filter>Source Files</Filter>
    </ClCompile>
    <ClCompile Include="src\utils\progress.cpp">
      <Filter>Source Files</Filter>
    </ClCompile>
    <ClCompile Include="src\arithmetic\base_functions.cpp">
      <Filter>Source Files</Filter>
    </ClCompile>
    <ClCompile Include="tests\tests.cpp">
      <Filter>Source Files</Filter>
    </ClCompile>
    <ClCompile Include="src\stats\decomposition.cpp">
      <Filter>Source Files</Filter>
    </ClCompile>
    <ClCompile Include="src\stats\decomposition_base.cpp">
      <Filter>Source Files</Filter>
    </ClCompile>
    <ClCompile Include="src\stats\decomposition_weight.cpp">
      <Filter>Source Files</Filter>
    </ClCompile>
    <ClCompile Include="examples\quick_preview_weighted.cpp">
      <Filter>Source Files</Filter>
    </ClCompile>
    <ClCompile Include="examples\quick_preview_unweighted.cpp">
      <Filter>Source Files</Filter>
    </ClCompile>
  </ItemGroup>
</Project>